
Microsoft Visual Studio Solution File, Format Version 12.00
# Visual Studio Express 2013 for Windows Desktop
VisualStudioVersion = 12.0.31101.0
MinimumVisualStudioVersion = 10.0.40219.1
Project("{8BC9CEB8-8B4A-11D0-8D11-00A0C91BC942}") = "SOIL", "..\..\lib\soil\proj\SOIL.vcxproj", "{B0061A92-4457-4891-8A01-E071C027B582}"
EndProject
Project("{8BC9CEB8-8B4A-11D0-8D11-00A0C91BC942}") = "TrainingFW", "TrainingFW.vcxproj", "{9FD1A789-5E6B-491C-8B3B-A0C6DA7779A7}"
EndProject
Global
	GlobalSection(SolutionConfigurationPlatforms) = preSolution
		Debug|Win32 = Debug|Win32
		Release|Win32 = Release|Win32
	EndGlobalSection
	GlobalSection(ProjectConfigurationPlatforms) = postSolution
		{B0061A92-4457-4891-8A01-E071C027B582}.Debug|Win32.ActiveCfg = Debug|Win32
		{B0061A92-4457-4891-8A01-E071C027B582}.Debug|Win32.Build.0 = Debug|Win32
		{B0061A92-4457-4891-8A01-E071C027B582}.Release|Win32.ActiveCfg = Release|Win32
		{B0061A92-4457-4891-8A01-E071C027B582}.Release|Win32.Build.0 = Release|Win32
		{9FD1A789-5E6B-491C-8B3B-A0C6DA7779A7}.Debug|Win32.ActiveCfg = Debug|Win32
		{9FD1A789-5E6B-491C-8B3B-A0C6DA7779A7}.Debug|Win32.Build.0 = Debug|Win32
		{9FD1A789-5E6B-491C-8B3B-A0C6DA7779A7}.Release|Win32.ActiveCfg = Release|Win32
		{9FD1A789-5E6B-491C-8B3B-A0C6DA7779A7}.Release|Win32.Build.0 = Release|Win32
	EndGlobalSection
	GlobalSection(SolutionProperties) = preSolution
		HideSolutionNode = FALSE
	EndGlobalSection
EndGlobal
